
Microsoft Visual Studio Solution File, Format Version 12.00
# Visual Studio Version 17
VisualStudioVersion = 17.8.34330.188
MinimumVisualStudioVersion = 10.0.40219.1
Project("{FAE04EC0-301F-11D3-BF4B-00C04F79EFBC}") = "IocDemo", "IocDemo\IocDemo.csproj", "{9D2A6476-9928-4269-8BAD-497F9E5DDC9D}"
EndProject
Project("{FAE04EC0-301F-11D3-BF4B-00C04F79EFBC}") = "IocDemoTests", "IocDemoTests\IocDemoTests.csproj", "{C60E7263-27AA-40FA-91CA-169F75B18C7A}"
EndProject
Global
	GlobalSection(SolutionConfigurationPlatforms) = preSolution
		Debug|Any CPU = Debug|Any CPU
		Release|Any CPU = Release|Any CPU
	EndGlobalSection
	GlobalSection(ProjectConfigurationPlatforms) = postSolution
		{9D2A6476-9928-4269-8BAD-497F9E5DDC9D}.Debug|Any CPU.ActiveCfg = Debug|Any CPU
		{9D2A6476-9928-4269-8BAD-497F9E5DDC9D}.Debug|Any CPU.Build.0 = Debug|Any CPU
		{9D2A6476-9928-4269-8BAD-497F9E5DDC9D}.Release|Any CPU.ActiveCfg = Release|Any CPU
		{9D2A6476-9928-4269-8BAD-497F9E5DDC9D}.Release|Any CPU.Build.0 = Release|Any CPU
		{C60E7263-27AA-40FA-91CA-169F75B18C7A}.Debug|Any CPU.ActiveCfg = Debug|Any CPU
		{C60E7263-27AA-40FA-91CA-169F75B18C7A}.Debug|Any CPU.Build.0 = Debug|Any CPU
		{C60E7263-27AA-40FA-91CA-169F75B18C7A}.Release|Any CPU.ActiveCfg = Release|Any CPU
		{C60E7263-27AA-40FA-91CA-169F75B18C7A}.Release|Any CPU.Build.0 = Release|Any CPU
	EndGlobalSection
	GlobalSection(SolutionProperties) = preSolution
		HideSolutionNode = FALSE
	EndGlobalSection
	GlobalSection(ExtensibilityGlobals) = postSolution
		SolutionGuid = {346468A6-9DD0-49FB-833A-43D3CE599641}
	EndGlobalSection
EndGlobal
